
Microsoft Visual Studio Solution File, Format Version 12.00
# Visual Studio Version 16
VisualStudioVersion = 16.0.29123.88
MinimumVisualStudioVersion = 10.0.40219.1
Project("{FAE04EC0-301F-11D3-BF4B-00C04F79EFBC}") = "ProyectoHorarios1", "ProyectoHorarios1\ProyectoHorarios1.csproj", "{DC431B1C-2CD3-45EE-9FF6-98D48E987798}"
EndProject
Global
	GlobalSection(SolutionConfigurationPlatforms) = preSolution
		Debug|Any CPU = Debug|Any CPU
		Release|Any CPU = Release|Any CPU
	EndGlobalSection
	GlobalSection(ProjectConfigurationPlatforms) = postSolution
		{DC431B1C-2CD3-45EE-9FF6-98D48E987798}.Debug|Any CPU.ActiveCfg = Debug|Any CPU
		{DC431B1C-2CD3-45EE-9FF6-98D48E987798}.Debug|Any CPU.Build.0 = Debug|Any CPU
		{DC431B1C-2CD3-45EE-9FF6-98D48E987798}.Release|Any CPU.ActiveCfg = Release|Any CPU
		{DC431B1C-2CD3-45EE-9FF6-98D48E987798}.Release|Any CPU.Build.0 = Release|Any CPU
	EndGlobalSection
	GlobalSection(SolutionProperties) = preSolution
		HideSolutionNode = FALSE
	EndGlobalSection
	GlobalSection(ExtensibilityGlobals) = postSolution
		SolutionGuid = {2C7023FC-DB72-4534-A592-9D0A88BD9600}
	EndGlobalSection
EndGlobal
